<?xml version="1.0" encoding="UTF-8" standalone="yes" ?>
<CodeBlocks_project_file>
	<FileVersion major="1" minor="6" />
	<Project>
		<Option title="FriendsDetection" />
		<Option pch_mode="2" />
		<Option compiler="gcc" />
		<Option show_notes="0">
			<notes>
				<![CDATA[This project has been done under CodeBlocks 10:05
It is based on OpenCv revison 4873]]>
			</notes>
		</Option>
		<Build>
			<Target title="Debug">
				<Option output="bin/Debug/$(PROJECT_NAME)" prefix_auto="1" extension_auto="1" />
				<Option object_output="obj/Debug/" />
				<Option type="1" />
				<Option compiler="gcc" />
				<Option parameters="data/friends_data/test/different_conditions/20.jpg" />
				<Option projectLinkerOptionsRelation="1" />
				<Compiler>
					<Add option="-g" />
					<Add option="-pipe" />
					<Add option="-mthreads" />
					<Add directory="C:/lib/opencv/build/include/" />
					<Add directory="C:/lib/opencv/opencv_contrib-master/modules/xfeatures2d/include" />
					<Add directory="C:/lib/opencv/opencv_contrib-master/modules/face/include" />
				</Compiler>
				<Linker>
					<Add library="C:\lib\opencv\build\mingw$(#winversion)\bin\libopencv_core$(#cvversion).dll" />
					<Add library="C:\lib\opencv\build\mingw$(#winversion)\bin\libopencv_highgui$(#cvversion).dll" />
					<Add library="C:\lib\opencv\build\mingw$(#winversion)\bin\libopencv_imgproc$(#cvversion).dll" />
					<Add library="C:\lib\opencv\build\mingw$(#winversion)\bin\libopencv_imgcodecs$(#cvversion).dll" />
					<Add library="C:\lib\opencv\build\mingw$(#winversion)\bin\libopencv_video$(#cvversion).dll" />
					<Add library="C:\lib\opencv\build\mingw$(#winversion)\bin\libopencv_videoio$(#cvversion).dll" />
					<Add library="C:\lib\opencv\build\mingw$(#winversion)\bin\libopencv_objdetect$(#cvversion).dll" />
					<Add library="C:\lib\opencv\build\mingw$(#winversion)\bin\libopencv_features2d$(#cvversion).dll" />
					<Add library="C:\lib\opencv\build\mingw$(#winversion)\bin\libopencv_xfeatures2d$(#cvversion).dll" />
					<Add library="C:\lib\opencv\build\mingw$(#winversion)\bin\libopencv_face$(#cvversion).dll" />
					<Add library="C:\lib\opencv\build\mingw$(#winversion)\bin\libopencv_ml$(#cvversion).dll" />
				</Linker>
			</Target>
			<Target title="Release">
				<Option output="bin/Release/test-opencv" prefix_auto="1" extension_auto="1" />
				<Option object_output="obj/Release/" />
				<Option type="1" />
				<Option compiler="gcc" />
				<Compiler>
					<Add option="-O2" />
				</Compiler>
				<Linker>
					<Add option="-s" />
				</Linker>
			</Target>
		</Build>
		<Compiler>
			<Add option="-Wall" />
			<Add option="-fexceptions" />
		</Compiler>
		<Unit filename="lib/face.hpp" />
		<Unit filename="lib/facerec.hpp" />
		<Unit filename="lib/predict_collector.hpp" />
		<Unit filename="main.cpp" />
		<Unit filename="preprocess.cpp" />
		<Unit filename="preprocess.h" />
		<Extensions>
			<code_completion>
				<search_path add="C:\lib\opencv\build\x64\vc12\lib" />
			</code_completion>
			<envvars />
			<debugger />
			<lib_finder disable_auto="1" />
		</Extensions>
	</Project>
</CodeBlocks_project_file>
